
Microsoft Visual Studio Solution File, Format Version 12.00
# Visual Studio Version 17
VisualStudioVersion = 17.5.33424.131
MinimumVisualStudioVersion = 10.0.40219.1
Project("{FAE04EC0-301F-11D3-BF4B-00C04F79EFBC}") = "WebSiteApp", "WebSiteApp\WebSiteApp.csproj", "{9C89FFF9-ED04-49DA-B362-F06A3E64F654}"
EndProject
Global
	GlobalSection(SolutionConfigurationPlatforms) = preSolution
		Debug|Any CPU = Debug|Any CPU
		Release|Any CPU = Release|Any CPU
	EndGlobalSection
	GlobalSection(ProjectConfigurationPlatforms) = postSolution
		{9C89FFF9-ED04-49DA-B362-F06A3E64F654}.Debug|Any CPU.ActiveCfg = Debug|Any CPU
		{9C89FFF9-ED04-49DA-B362-F06A3E64F654}.Debug|Any CPU.Build.0 = Debug|Any CPU
		{9C89FFF9-ED04-49DA-B362-F06A3E64F654}.Release|Any CPU.ActiveCfg = Release|Any CPU
		{9C89FFF9-ED04-49DA-B362-F06A3E64F654}.Release|Any CPU.Build.0 = Release|Any CPU
	EndGlobalSection
	GlobalSection(SolutionProperties) = preSolution
		HideSolutionNode = FALSE
	EndGlobalSection
	GlobalSection(ExtensibilityGlobals) = postSolution
		SolutionGuid = {BED51852-D44D-4D09-A7DA-7E6D8209C0C5}
	EndGlobalSection
EndGlobal
